# This file is automatically @generated by Cargo.
# It is not intended for manual editing.
version = 4

[[package]]
name = "i2c_pci_proofs"
version = "0.1.0"
dependencies = [
 "i2c_proofs_libc_shim",
 "nonos_devmodel",
 "nonos_pinctrl",
]

[[package]]
name = "i2c_proofs_libc_shim"
version = "0.1.0"

[[package]]
name = "nonos_devmodel"
version = "0.1.0"

[[package]]
name = "nonos_pinctrl"
version = "0.1.0"
