# This file is automatically @generated by Cargo.
# It is not intended for manual editing.
version = 4

[[package]]
name = "input_proofs"
version = "0.3.0"
dependencies = [
 "input_proofs_libc_shim",
 "nonos_keymap",
]

[[package]]
name = "input_proofs_libc_shim"
version = "0.1.0"

[[package]]
name = "nonos_keymap"
version = "0.3.0"
