# This file is automatically @generated by Cargo.
# It is not intended for manual editing.
version = 4

[[package]]
name = "nonos_blk_client"
version = "0.1.0"
dependencies = [
 "nonos_disk",
 "nonos_userland_libc",
]

[[package]]
name = "nonos_disk"
version = "0.1.0"

[[package]]
name = "nonos_install_cli"
version = "0.1.0"
dependencies = [
 "nonos_blk_client",
 "nonos_disk",
 "nonos_userland_libc",
]

[[package]]
name = "nonos_userland_libc"
version = "0.3.0"
