# This file is automatically @generated by Cargo.
# It is not intended for manual editing.
version = 4

[[package]]
name = "cdc_ncm_proofs"
version = "0.3.0"
dependencies = [
 "usbnet_proofs",
 "xhci_proofs_libc_shim",
]

[[package]]
name = "usbnet_proofs"
version = "0.3.0"

[[package]]
name = "xhci_proofs_libc_shim"
version = "0.1.0"
