# This file is automatically @generated by Cargo.
# It is not intended for manual editing.
version = 4

[[package]]
name = "nonos_policy_client"
version = "0.1.0"
dependencies = [
 "nonos_policy_proto",
 "nonos_userland_libc",
]

[[package]]
name = "nonos_policy_proto"
version = "0.3.0"

[[package]]
name = "nonos_route_link"
version = "0.1.0"
dependencies = [
 "nonos_policy_client",
 "nonos_policy_proto",
 "nonos_socket",
 "nonos_userland_libc",
]

[[package]]
name = "nonos_socket"
version = "0.2.0"
dependencies = [
 "nonos_userland_libc",
]

[[package]]
name = "nonos_userland_libc"
version = "0.3.0"
